// !$*UTF8*$!
{
	archiveVersion = 1;
	classes = {
	};
	objectVersion = 100;
	objects = {

/* Begin PBXBuildFile section */
		94176DDC2FC66D2800F570D2 /* Sparkle in Frameworks */ = {isa = PBXBuildFile; productRef = 94176DDB2FC66D2800F570D2 /* Sparkle */; };
/* End PBXBuildFile section */

/* Begin PBXContainerItemProxy section */
		9412AF122FB95040004E17B6 /* PBXContainerItemProxy */ = {
			isa = PBXContainerItemProxy;
			containerPortal = 9412AEFC2FB9503F004E17B6 /* Project object */;
			proxyType = 1;
			remoteGlobalIDString = 9412AF032FB9503F004E17B6;
			remoteInfo = SwiftRip;
		};
		9412AF1C2FB95040004E17B6 /* PBXContainerItemProxy */ = {
			isa = PBXContainerItemProxy;
			containerPortal = 9412AEFC2FB9503F004E17B6 /* Project object */;
			proxyType = 1;
			remoteGlobalIDString = 9412AF032FB9503F004E17B6;
			remoteInfo = SwiftRip;
		};
/* End PBXContainerItemProxy section */

/* Begin PBXCopyFilesBuildPhase section */
		94FC320C2FBA0F3300B23D1F /* CopyFiles */ = {
			isa = PBXCopyFilesBuildPhase;
			dstPath = "";
			dstSubfolder = Executables;
			files = (
			);
		};
/* End PBXCopyFilesBuildPhase section */

/* Begin PBXFileReference section */
		9412AF042FB9503F004E17B6 /* SwiftRip.app */ = {isa = PBXFileReference; explicitFileType = wrapper.application; includeInIndex = 0; path = SwiftRip.app; sourceTree = BUILT_PRODUCTS_DIR; };
		9412AF112FB95040004E17B6 /* SwiftRipTests.xctest */ = {isa = PBXFileReference; explicitFileType = wrapper.cfbundle; includeInIndex = 0; path = SwiftRipTests.xctest; sourceTree = BUILT_PRODUCTS_DIR; };
		9412AF1B2FB95040004E17B6 /* SwiftRipUITests.xctest */ = {isa = PBXFileReference; explicitFileType = wrapper.cfbundle; includeInIndex = 0; path = SwiftRipUITests.xctest; sourceTree = BUILT_PRODUCTS_DIR; };
		94B378792FBAC0A400D4C4C8 /* README.md */ = {isa = PBXFileReference; lastKnownFileType = net.daringfireball.markdown; path = README.md; sourceTree = "<group>"; };
		94FC321B2FBA2CA200B23D1F /* ArtifactLayout.md */ = {isa = PBXFileReference; lastKnownFileType = net.daringfireball.markdown; path = ArtifactLayout.md; sourceTree = "<group>"; };
		94FC321D2FBA2CA200B23D1F /* build-swiftrip-tools.zsh */ = {isa = PBXFileReference; lastKnownFileType = text.script.sh; path = "build-swiftrip-tools.zsh"; sourceTree = "<group>"; };
		94FC32202FBA2CA200B23D1F /* README.md */ = {isa = PBXFileReference; lastKnownFileType = net.daringfireball.markdown; path = README.md; sourceTree = "<group>"; };
		94FC32252FBA2D5B00B23D1F /* build-libdvdcss.zsh */ = {isa = PBXFileReference; lastKnownFileType = text.script.sh; path = "build-libdvdcss.zsh"; sourceTree = "<group>"; };
		94FC32272FBA3D3700B23D1F /* LICENSE */ = {isa = PBXFileReference; lastKnownFileType = text; path = LICENSE; sourceTree = "<group>"; };
		94FC32292FBA3F1600B23D1F /* LEGAL.md */ = {isa = PBXFileReference; lastKnownFileType = net.daringfireball.markdown; path = LEGAL.md; sourceTree = "<group>"; };
		94FC322A2FBA3F1600B23D1F /* SOURCE_OFFER.md */ = {isa = PBXFileReference; lastKnownFileType = net.daringfireball.markdown; path = SOURCE_OFFER.md; sourceTree = "<group>"; };
		94FC322B2FBA3F1600B23D1F /* THIRD_PARTY_NOTICES.md */ = {isa = PBXFileReference; lastKnownFileType = net.daringfireball.markdown; path = THIRD_PARTY_NOTICES.md; sourceTree = "<group>"; };
		94FC322C2FBA517E00B23D1F /* build-handbrakecli.zsh */ = {isa = PBXFileReference; lastKnownFileType = text.script.sh; path = "build-handbrakecli.zsh"; sourceTree = "<group>"; };
		94FC322D2FBA574000B23D1F /* HandBrakeCLI */ = {isa = PBXFileReference; lastKnownFileType = "compiled.mach-o.executable"; path = HandBrakeCLI; sourceTree = "<group>"; };
		94FC32312FBA6B9600B23D1F /* ROADMAP.md */ = {isa = PBXFileReference; lastKnownFileType = net.daringfireball.markdown; path = ROADMAP.md; sourceTree = "<group>"; };
/* End PBXFileReference section */

/* Begin PBXFileSystemSynchronizedBuildFileExceptionSet section */
		941A80502FC15B6200DA6426 /* Exceptions for "SwiftRip" folder in "SwiftRip" target */ = {
			isa = PBXFileSystemSynchronizedBuildFileExceptionSet;
			membershipExceptions = (
				Info.plist,
			);
			target = 9412AF032FB9503F004E17B6 /* SwiftRip */;
		};
/* End PBXFileSystemSynchronizedBuildFileExceptionSet section */

/* Begin PBXFileSystemSynchronizedRootGroup section */
		9412AF062FB9503F004E17B6 /* SwiftRip */ = {
			isa = PBXFileSystemSynchronizedRootGroup;
			exceptions = (
				941A80502FC15B6200DA6426 /* Exceptions for "SwiftRip" folder in "SwiftRip" target */,
			);
			path = SwiftRip;
			sourceTree = "<group>";
		};
		9412AF142FB95040004E17B6 /* SwiftRipTests */ = {
			isa = PBXFileSystemSynchronizedRootGroup;
			path = SwiftRipTests;
			sourceTree = "<group>";
		};
		9412AF1E2FB95040004E17B6 /* SwiftRipUITests */ = {
			isa = PBXFileSystemSynchronizedRootGroup;
			path = SwiftRipUITests;
			sourceTree = "<group>";
		};
/* End PBXFileSystemSynchronizedRootGroup section */

/* Begin PBXFrameworksBuildPhase section */
		9412AF012FB9503F004E17B6 /* Frameworks */ = {
			isa = PBXFrameworksBuildPhase;
			files = (
				94176DDC2FC66D2800F570D2 /* Sparkle in Frameworks */,
			);
		};
		9412AF0E2FB95040004E17B6 /* Frameworks */ = {
			isa = PBXFrameworksBuildPhase;
			files = (
			);
		};
		9412AF182FB95040004E17B6 /* Frameworks */ = {
			isa = PBXFrameworksBuildPhase;
			files = (
			);
		};
/* End PBXFrameworksBuildPhase section */

/* Begin PBXGroup section */
		9412AEFB2FB9503F004E17B6 = {
			isa = PBXGroup;
			children = (
				94B378792FBAC0A400D4C4C8 /* README.md */,
				94FC32312FBA6B9600B23D1F /* ROADMAP.md */,
				94FC32292FBA3F1600B23D1F /* LEGAL.md */,
				94FC322A2FBA3F1600B23D1F /* SOURCE_OFFER.md */,
				94FC322B2FBA3F1600B23D1F /* THIRD_PARTY_NOTICES.md */,
				94FC32272FBA3D3700B23D1F /* LICENSE */,
				94FC32212FBA2CA200B23D1F /* SwiftRipTools */,
				9412AF052FB9503F004E17B6 /* Products */,
				9412AF062FB9503F004E17B6 /* SwiftRip */,
				9412AF142FB95040004E17B6 /* SwiftRipTests */,
				9412AF1E2FB95040004E17B6 /* SwiftRipUITests */,
			);
			sourceTree = "<group>";
		};
		9412AF052FB9503F004E17B6 /* Products */ = {
			isa = PBXGroup;
			children = (
				9412AF042FB9503F004E17B6 /* SwiftRip.app */,
				9412AF112FB95040004E17B6 /* SwiftRipTests.xctest */,
				9412AF1B2FB95040004E17B6 /* SwiftRipUITests.xctest */,
			);
			name = Products;
			sourceTree = "<group>";
		};
		94FC321A2FBA2CA200B23D1F /* Artifacts */ = {
			isa = PBXGroup;
			children = (
				94FC322E2FBA574000B23D1F /* macos-arm64 */,
			);
			path = Artifacts;
			sourceTree = "<group>";
		};
		94FC321C2FBA2CA200B23D1F /* Notes */ = {
			isa = PBXGroup;
			children = (
				94FC321B2FBA2CA200B23D1F /* ArtifactLayout.md */,
			);
			path = Notes;
			sourceTree = "<group>";
		};
		94FC321E2FBA2CA200B23D1F /* Scripts */ = {
			isa = PBXGroup;
			children = (
				94FC322C2FBA517E00B23D1F /* build-handbrakecli.zsh */,
				94FC321D2FBA2CA200B23D1F /* build-swiftrip-tools.zsh */,
				94FC32252FBA2D5B00B23D1F /* build-libdvdcss.zsh */,
			);
			path = Scripts;
			sourceTree = "<group>";
		};
		94FC321F2FBA2CA200B23D1F /* Source */ = {
			isa = PBXGroup;
			children = (
			);
			path = Source;
			sourceTree = "<group>";
		};
		94FC32212FBA2CA200B23D1F /* SwiftRipTools */ = {
			isa = PBXGroup;
			children = (
				94FC321A2FBA2CA200B23D1F /* Artifacts */,
				94FC321C2FBA2CA200B23D1F /* Notes */,
				94FC321E2FBA2CA200B23D1F /* Scripts */,
				94FC321F2FBA2CA200B23D1F /* Source */,
				94FC32202FBA2CA200B23D1F /* README.md */,
			);
			path = SwiftRipTools;
			sourceTree = "<group>";
		};
		94FC322E2FBA574000B23D1F /* macos-arm64 */ = {
			isa = PBXGroup;
			children = (
				94FC322D2FBA574000B23D1F /* HandBrakeCLI */,
			);
			path = "macos-arm64";
			sourceTree = "<group>";
		};
/* End PBXGroup section */

/* Begin PBXNativeTarget section */
		9412AF032FB9503F004E17B6 /* SwiftRip */ = {
			isa = PBXNativeTarget;
			buildConfigurationList = 9412AF252FB95040004E17B6 /* Build configuration list for PBXNativeTarget "SwiftRip" */;
			buildPhases = (
				9412AF002FB9503F004E17B6 /* Sources */,
				9412AF012FB9503F004E17B6 /* Frameworks */,
				9412AF022FB9503F004E17B6 /* Resources */,
				94FC320C2FBA0F3300B23D1F /* CopyFiles */,
				94FC32302FBA599F00B23D1F /* ShellScript */,
			);
			buildRules = (
			);
			fileSystemSynchronizedGroups = (
				9412AF062FB9503F004E17B6 /* SwiftRip */,
			);
			name = SwiftRip;
			packageProductDependencies = (
				94176DDB2FC66D2800F570D2 /* Sparkle */,
			);
			productName = SwiftRip;
			productReference = 9412AF042FB9503F004E17B6 /* SwiftRip.app */;
			productType = "com.apple.product-type.application";
		};
		9412AF102FB95040004E17B6 /* SwiftRipTests */ = {
			isa = PBXNativeTarget;
			buildConfigurationList = 9412AF282FB95040004E17B6 /* Build configuration list for PBXNativeTarget "SwiftRipTests" */;
			buildPhases = (
				9412AF0D2FB95040004E17B6 /* Sources */,
				9412AF0E2FB95040004E17B6 /* Frameworks */,
				9412AF0F2FB95040004E17B6 /* Resources */,
			);
			buildRules = (
			);
			dependencies = (
				9412AF132FB95040004E17B6 /* PBXTargetDependency */,
			);
			fileSystemSynchronizedGroups = (
				9412AF142FB95040004E17B6 /* SwiftRipTests */,
			);
			name = SwiftRipTests;
			productName = SwiftRipTests;
			productReference = 9412AF112FB95040004E17B6 /* SwiftRipTests.xctest */;
			productType = "com.apple.product-type.bundle.unit-test";
		};
		9412AF1A2FB95040004E17B6 /* SwiftRipUITests */ = {
			isa = PBXNativeTarget;
			buildConfigurationList = 9412AF2B2FB95040004E17B6 /* Build configuration list for PBXNativeTarget "SwiftRipUITests" */;
			buildPhases = (
				9412AF172FB95040004E17B6 /* Sources */,
				9412AF182FB95040004E17B6 /* Frameworks */,
				9412AF192FB95040004E17B6 /* Resources */,
			);
			buildRules = (
			);
			dependencies = (
				9412AF1D2FB95040004E17B6 /* PBXTargetDependency */,
			);
			fileSystemSynchronizedGroups = (
				9412AF1E2FB95040004E17B6 /* SwiftRipUITests */,
			);
			name = SwiftRipUITests;
			productName = SwiftRipUITests;
			productReference = 9412AF1B2FB95040004E17B6 /* SwiftRipUITests.xctest */;
			productType = "com.apple.product-type.bundle.ui-testing";
		};
/* End PBXNativeTarget section */

/* Begin PBXProject section */
		9412AEFC2FB9503F004E17B6 /* Project object */ = {
			isa = PBXProject;
			attributes = {
				BuildIndependentTargetsInParallel = 1;
				LastSwiftUpdateCheck = 2650;
				LastUpgradeCheck = 2650;
				TargetAttributes = {
					9412AF032FB9503F004E17B6 = {
						CreatedOnToolsVersion = 26.5;
					};
					9412AF102FB95040004E17B6 = {
						CreatedOnToolsVersion = 26.5;
						TestTargetID = 9412AF032FB9503F004E17B6;
					};
					9412AF1A2FB95040004E17B6 = {
						CreatedOnToolsVersion = 26.5;
						TestTargetID = 9412AF032FB9503F004E17B6;
					};
				};
			};
			buildConfigurationList = 9412AEFF2FB9503F004E17B6 /* Build configuration list for PBXProject "SwiftRip" */;
			developmentRegion = en;
			hasScannedForEncodings = 0;
			knownRegions = (
				en,
				Base,
			);
			mainGroup = 9412AEFB2FB9503F004E17B6;
			minimizedProjectReferenceProxies = 1;
			packageReferences = (
				94176DDA2FC66D2800F570D2 /* XCRemoteSwiftPackageReference "Sparkle" */,
			);
			preferredProjectObjectVersion = 100;
			productRefGroup = 9412AF052FB9503F004E17B6 /* Products */;
			projectDirPath = "";
			projectRoot = "";
			targets = (
				9412AF032FB9503F004E17B6 /* SwiftRip */,
				9412AF102FB95040004E17B6 /* SwiftRipTests */,
				9412AF1A2FB95040004E17B6 /* SwiftRipUITests */,
			);
		};
/* End PBXProject section */

/* Begin PBXResourcesBuildPhase section */
		9412AF022FB9503F004E17B6 /* Resources */ = {
			isa = PBXResourcesBuildPhase;
			files = (
			);
		};
		9412AF0F2FB95040004E17B6 /* Resources */ = {
			isa = PBXResourcesBuildPhase;
			files = (
			);
		};
		9412AF192FB95040004E17B6 /* Resources */ = {
			isa = PBXResourcesBuildPhase;
			files = (
			);
		};
/* End PBXResourcesBuildPhase section */

/* Begin PBXShellScriptBuildPhase section */
		94FC32302FBA599F00B23D1F /* ShellScript */ = {
			isa = PBXShellScriptBuildPhase;
			inputPaths = (
				"$(SRCROOT)/SwiftRipTools/Artifacts/macos-arm64/HandBrakeCLI",
				"$(SRCROOT)/SwiftRipTools/Artifacts/macos-arm64/libdvdcss.2.dylib",
				"$(SRCROOT)/SwiftRipTools/Artifacts/macos-x86_64/HandBrakeCLI",
				"$(SRCROOT)/SwiftRipTools/Artifacts/macos-x86_64/libdvdcss.2.dylib",
			);
			outputPaths = (
				"$(TARGET_BUILD_DIR)/$(EXECUTABLE_FOLDER_PATH)/HandBrakeCLI",
				"$(TARGET_BUILD_DIR)/$(FRAMEWORKS_FOLDER_PATH)/libdvdcss.2.dylib",
			);
			shellPath = "/bin/zsh  ";
			shellScript = (
				"set -euo pipefail",
				"",
				"ARTIFACTS_ARCH=\"${SWIFTRIP_TOOLS_ARCH:-arm64}\"",
				"case \"${ARTIFACTS_ARCH}\" in",
				"    arm64|x86_64)",
				"        ;;",
				"    *)",
				"        echo \"ERROR: Unsupported SwiftRipTools architecture: ${ARTIFACTS_ARCH}\"",
				"        echo \"Supported architectures: arm64, x86_64\"",
				"        exit 64",
				"        ;;",
				"esac",
				"",
				"ARTIFACTS_DIR=\"${SRCROOT}/SwiftRipTools/Artifacts/macos-${ARTIFACTS_ARCH}\"",
				"APP_MACOS_DIR=\"${TARGET_BUILD_DIR}/${EXECUTABLE_FOLDER_PATH}\"",
				"APP_FRAMEWORKS_DIR=\"${TARGET_BUILD_DIR}/${FRAMEWORKS_FOLDER_PATH}\"",
				"",
				"HANDBRAKE_SOURCE=\"${ARTIFACTS_DIR}/HandBrakeCLI\"",
				"LIBDVDCSS_SOURCE=\"${ARTIFACTS_DIR}/libdvdcss.2.dylib\"",
				"",
				"HANDBRAKE_DESTINATION=\"${APP_MACOS_DIR}/HandBrakeCLI\"",
				"LIBDVDCSS_FRAMEWORKS_DESTINATION=\"${APP_FRAMEWORKS_DIR}/libdvdcss.2.dylib\"",
				"STALE_LIBDVDCSS_MACOS_DESTINATION=\"${APP_MACOS_DIR}/libdvdcss.2.dylib\"",
				"",
				"echo \"Copying SwiftRip tool artifacts...\"",
				"echo \"Artifacts:  ${ARTIFACTS_DIR}\"",
				"echo \"MacOS dir:  ${APP_MACOS_DIR}\"",
				"echo \"Frameworks: ${APP_FRAMEWORKS_DIR}\"",
				"",
				"if [[ \"${SWIFTRIP_SKIP_BUNDLED_TOOLS:-0}\" == \"1\" ]]; then",
				"    echo \"Skipping bundled tool copy because SWIFTRIP_SKIP_BUNDLED_TOOLS=1.\"",
				"    exit 0",
				"fi",
				"",
				"if [[ ! -f \"${HANDBRAKE_SOURCE}\" ]]; then",
				"    echo \"ERROR: Missing HandBrakeCLI artifact:\"",
				"    echo \"${HANDBRAKE_SOURCE}\"",
				"    echo \"Run SwiftRipTools/Scripts/build-swiftrip-tools.zsh first.\"",
				"    exit 1",
				"fi",
				"",
				"if [[ ! -f \"${LIBDVDCSS_SOURCE}\" ]]; then",
				"    echo \"ERROR: Missing libdvdcss.2.dylib artifact:\"",
				"    echo \"${LIBDVDCSS_SOURCE}\"",
				"    echo \"Run SwiftRipTools/Scripts/build-swiftrip-tools.zsh first.\"",
				"    exit 1",
				"fi",
				"",
				"mkdir -p \"${APP_MACOS_DIR}\"",
				"mkdir -p \"${APP_FRAMEWORKS_DIR}\"",
				"",
				"cp \"${HANDBRAKE_SOURCE}\" \"${HANDBRAKE_DESTINATION}\"",
				"rm -f \"${STALE_LIBDVDCSS_MACOS_DESTINATION}\"",
				"",
				"# Put libdvdcss in Frameworks for normal app-bundle layout.",
				"cp \"${LIBDVDCSS_SOURCE}\" \"${LIBDVDCSS_FRAMEWORKS_DESTINATION}\"",
				"",
				"chmod 755 \"${HANDBRAKE_DESTINATION}\"",
				"chmod 755 \"${LIBDVDCSS_FRAMEWORKS_DESTINATION}\"",
				"",
				"if [[ \"${CODE_SIGNING_ALLOWED:-NO}\" == \"YES\" ]]; then",
				"    if [[ -z \"${EXPANDED_CODE_SIGN_IDENTITY:-}\" || \"${EXPANDED_CODE_SIGN_IDENTITY}\" == \"-\" ]]; then",
				"        echo \"ERROR: CODE_SIGNING_ALLOWED=YES but EXPANDED_CODE_SIGN_IDENTITY is not set.\"",
				"        exit 1",
				"    fi",
				"",
				"    CODE_SIGN_OPTIONS=(--force --sign \"${EXPANDED_CODE_SIGN_IDENTITY}\")",
				"    if [[ \"${ENABLE_HARDENED_RUNTIME:-NO}\" == \"YES\" ]]; then",
				"        CODE_SIGN_OPTIONS+=(--options runtime)",
				"    fi",
				"",
				"    echo \"\"",
				"    echo \"Signing bundled tool artifacts...\"",
				"    /usr/bin/codesign \"${CODE_SIGN_OPTIONS[@]}\" \"${LIBDVDCSS_FRAMEWORKS_DESTINATION}\"",
				"    /usr/bin/codesign \"${CODE_SIGN_OPTIONS[@]}\" \"${HANDBRAKE_DESTINATION}\"",
				"    /usr/bin/codesign --verify --strict --verbose=2 \"${LIBDVDCSS_FRAMEWORKS_DESTINATION}\"",
				"    /usr/bin/codesign --verify --strict --verbose=2 \"${HANDBRAKE_DESTINATION}\"",
				"else",
				"    echo \"Skipping bundled tool signing because CODE_SIGNING_ALLOWED is not YES.\"",
				"fi",
				"",
				"echo \"\"",
				"echo \"Verifying copied artifacts...\"",
				"",
				"file \"${HANDBRAKE_DESTINATION}\"",
				"file \"${LIBDVDCSS_FRAMEWORKS_DESTINATION}\"",
				"",
				"if ! file \"${HANDBRAKE_DESTINATION}\" | grep -q \"${ARTIFACTS_ARCH}\"; then",
				"    echo \"ERROR: Bundled HandBrakeCLI is not ${ARTIFACTS_ARCH}.\"",
				"    exit 1",
				"fi",
				"",
				"if ! file \"${LIBDVDCSS_FRAMEWORKS_DESTINATION}\" | grep -q \"${ARTIFACTS_ARCH}\"; then",
				"    echo \"ERROR: Bundled Frameworks libdvdcss.2.dylib is not ${ARTIFACTS_ARCH}.\"",
				"    exit 1",
				"fi",
				"",
				"if otool -L \"${HANDBRAKE_DESTINATION}\" | grep -q \"/opt/local\"; then",
				"    echo \"ERROR: Bundled HandBrakeCLI links against /opt/local libraries.\"",
				"    exit 1",
				"fi",
				"",
				"if otool -L \"${LIBDVDCSS_FRAMEWORKS_DESTINATION}\" | grep -q \"/opt/local\"; then",
				"    echo \"ERROR: Frameworks libdvdcss.2.dylib links against /opt/local libraries.\"",
				"    exit 1",
				"fi",
				"",
				"echo \"\"",
				"echo \"libdvdcss install names:\"",
				"otool -D \"${LIBDVDCSS_FRAMEWORKS_DESTINATION}\"",
				"",
				"echo \"\"",
				"echo \"SwiftRip tool artifacts copied successfully.\"",
				"",
			);
		};
/* End PBXShellScriptBuildPhase section */

/* Begin PBXSourcesBuildPhase section */
		9412AF002FB9503F004E17B6 /* Sources */ = {
			isa = PBXSourcesBuildPhase;
			files = (
			);
		};
		9412AF0D2FB95040004E17B6 /* Sources */ = {
			isa = PBXSourcesBuildPhase;
			files = (
			);
		};
		9412AF172FB95040004E17B6 /* Sources */ = {
			isa = PBXSourcesBuildPhase;
			files = (
			);
		};
/* End PBXSourcesBuildPhase section */

/* Begin PBXTargetDependency section */
		9412AF132FB95040004E17B6 /* PBXTargetDependency */ = {
			isa = PBXTargetDependency;
			target = 9412AF032FB9503F004E17B6 /* SwiftRip */;
			targetProxy = 9412AF122FB95040004E17B6 /* PBXContainerItemProxy */;
		};
		9412AF1D2FB95040004E17B6 /* PBXTargetDependency */ = {
			isa = PBXTargetDependency;
			target = 9412AF032FB9503F004E17B6 /* SwiftRip */;
			targetProxy = 9412AF1C2FB95040004E17B6 /* PBXContainerItemProxy */;
		};
/* End PBXTargetDependency section */

/* Begin XCBuildConfiguration section */
		9412AF232FB95040004E17B6 /* Debug configuration for PBXProject "SwiftRip" */ = {
			isa = XCBuildConfiguration;
			buildSettings = {
				ALWAYS_SEARCH_USER_PATHS = NO;
				ASSETCATALOG_COMPILER_GENERATE_SWIFT_ASSET_SYMBOL_EXTENSIONS = YES;
				CLANG_ANALYZER_NONNULL = YES;
				CLANG_ANALYZER_NUMBER_OBJECT_CONVERSION = YES_AGGRESSIVE;
				CLANG_CXX_LANGUAGE_STANDARD = "gnu++20";
				CLANG_ENABLE_MODULES = YES;
				CLANG_ENABLE_OBJC_ARC = YES;
				CLANG_ENABLE_OBJC_WEAK = YES;
				CLANG_WARN_BLOCK_CAPTURE_AUTORELEASING = YES;
				CLANG_WARN_BOOL_CONVERSION = YES;
				CLANG_WARN_COMMA = YES;
				CLANG_WARN_CONSTANT_CONVERSION = YES;
				CLANG_WARN_DEPRECATED_OBJC_IMPLEMENTATIONS = YES;
				CLANG_WARN_DIRECT_OBJC_ISA_USAGE = YES_ERROR;
				CLANG_WARN_DOCUMENTATION_COMMENTS = YES;
				CLANG_WARN_EMPTY_BODY = YES;
				CLANG_WARN_ENUM_CONVERSION = YES;
				CLANG_WARN_INFINITE_RECURSION = YES;
				CLANG_WARN_INT_CONVERSION = YES;
				CLANG_WARN_NON_LITERAL_NULL_CONVERSION = YES;
				CLANG_WARN_OBJC_IMPLICIT_RETAIN_SELF = YES;
				CLANG_WARN_OBJC_LITERAL_CONVERSION = YES;
				CLANG_WARN_OBJC_ROOT_CLASS = YES_ERROR;
				CLANG_WARN_QUOTED_INCLUDE_IN_FRAMEWORK_HEADER = YES;
				CLANG_WARN_RANGE_LOOP_ANALYSIS = YES;
				CLANG_WARN_STRICT_PROTOTYPES = YES;
				CLANG_WARN_SUSPICIOUS_MOVE = YES;
				CLANG_WARN_UNGUARDED_AVAILABILITY = YES_AGGRESSIVE;
				CLANG_WARN_UNREACHABLE_CODE = YES;
				CLANG_WARN__DUPLICATE_METHOD_MATCH = YES;
				COPY_PHASE_STRIP = NO;
				DEBUG_INFORMATION_FORMAT = dwarf;
				DEVELOPMENT_TEAM = PUT2KYMV2W;
				ENABLE_STRICT_OBJC_MSGSEND = YES;
				ENABLE_TESTABILITY = YES;
				ENABLE_USER_SCRIPT_SANDBOXING = YES;
				GCC_C_LANGUAGE_STANDARD = gnu17;
				GCC_DYNAMIC_NO_PIC = NO;
				GCC_NO_COMMON_BLOCKS = YES;
				GCC_OPTIMIZATION_LEVEL = 0;
				GCC_PREPROCESSOR_DEFINITIONS = (
					"DEBUG=1",
					"$(inherited)",
				);
				GCC_WARN_64_TO_32_BIT_CONVERSION = YES;
				GCC_WARN_ABOUT_RETURN_TYPE = YES_ERROR;
				GCC_WARN_UNDECLARED_SELECTOR = YES;
				GCC_WARN_UNINITIALIZED_AUTOS = YES_AGGRESSIVE;
				GCC_WARN_UNUSED_FUNCTION = YES;
				GCC_WARN_UNUSED_VARIABLE = YES;
				LOCALIZATION_PREFERS_STRING_CATALOGS = YES;
				MACOSX_DEPLOYMENT_TARGET = 15.7;
				MTL_ENABLE_DEBUG_INFO = INCLUDE_SOURCE;
				MTL_FAST_MATH = YES;
				ONLY_ACTIVE_ARCH = YES;
				SDKROOT = macosx;
				SWIFT_ACTIVE_COMPILATION_CONDITIONS = "DEBUG $(inherited)";
				SWIFT_OPTIMIZATION_LEVEL = "-Onone";
			};
			name = Debug;
		};
		9412AF242FB95040004E17B6 /* Release configuration for PBXProject "SwiftRip" */ = {
			isa = XCBuildConfiguration;
			buildSettings = {
				ALWAYS_SEARCH_USER_PATHS = NO;
				ASSETCATALOG_COMPILER_GENERATE_SWIFT_ASSET_SYMBOL_EXTENSIONS = YES;
				CLANG_ANALYZER_NONNULL = YES;
				CLANG_ANALYZER_NUMBER_OBJECT_CONVERSION = YES_AGGRESSIVE;
				CLANG_CXX_LANGUAGE_STANDARD = "gnu++20";
				CLANG_ENABLE_MODULES = YES;
				CLANG_ENABLE_OBJC_ARC = YES;
				CLANG_ENABLE_OBJC_WEAK = YES;
				CLANG_WARN_BLOCK_CAPTURE_AUTORELEASING = YES;
				CLANG_WARN_BOOL_CONVERSION = YES;
				CLANG_WARN_COMMA = YES;
				CLANG_WARN_CONSTANT_CONVERSION = YES;
				CLANG_WARN_DEPRECATED_OBJC_IMPLEMENTATIONS = YES;
				CLANG_WARN_DIRECT_OBJC_ISA_USAGE = YES_ERROR;
				CLANG_WARN_DOCUMENTATION_COMMENTS = YES;
				CLANG_WARN_EMPTY_BODY = YES;
				CLANG_WARN_ENUM_CONVERSION = YES;
				CLANG_WARN_INFINITE_RECURSION = YES;
				CLANG_WARN_INT_CONVERSION = YES;
				CLANG_WARN_NON_LITERAL_NULL_CONVERSION = YES;
				CLANG_WARN_OBJC_IMPLICIT_RETAIN_SELF = YES;
				CLANG_WARN_OBJC_LITERAL_CONVERSION = YES;
				CLANG_WARN_OBJC_ROOT_CLASS = YES_ERROR;
				CLANG_WARN_QUOTED_INCLUDE_IN_FRAMEWORK_HEADER = YES;
				CLANG_WARN_RANGE_LOOP_ANALYSIS = YES;
				CLANG_WARN_STRICT_PROTOTYPES = YES;
				CLANG_WARN_SUSPICIOUS_MOVE = YES;
				CLANG_WARN_UNGUARDED_AVAILABILITY = YES_AGGRESSIVE;
				CLANG_WARN_UNREACHABLE_CODE = YES;
				CLANG_WARN__DUPLICATE_METHOD_MATCH = YES;
				COPY_PHASE_STRIP = NO;
				DEBUG_INFORMATION_FORMAT = "dwarf-with-dsym";
				DEVELOPMENT_TEAM = PUT2KYMV2W;
				ENABLE_NS_ASSERTIONS = NO;
				ENABLE_STRICT_OBJC_MSGSEND = YES;
				ENABLE_USER_SCRIPT_SANDBOXING = YES;
				GCC_C_LANGUAGE_STANDARD = gnu17;
				GCC_NO_COMMON_BLOCKS = YES;
				GCC_WARN_64_TO_32_BIT_CONVERSION = YES;
				GCC_WARN_ABOUT_RETURN_TYPE = YES_ERROR;
				GCC_WARN_UNDECLARED_SELECTOR = YES;
				GCC_WARN_UNINITIALIZED_AUTOS = YES_AGGRESSIVE;
				GCC_WARN_UNUSED_FUNCTION = YES;
				GCC_WARN_UNUSED_VARIABLE = YES;
				LOCALIZATION_PREFERS_STRING_CATALOGS = YES;
				MACOSX_DEPLOYMENT_TARGET = 15.7;
				MTL_ENABLE_DEBUG_INFO = NO;
				MTL_FAST_MATH = YES;
				SDKROOT = macosx;
				SWIFT_COMPILATION_MODE = wholemodule;
			};
			name = Release;
		};
		9412AF262FB95040004E17B6 /* Debug configuration for PBXNativeTarget "SwiftRip" */ = {
			isa = XCBuildConfiguration;
			buildSettings = {
				ASSETCATALOG_COMPILER_APPICON_NAME = AppIcon;
				ASSETCATALOG_COMPILER_GLOBAL_ACCENT_COLOR_NAME = AccentColor;
				AUTOMATION_APPLE_EVENTS = NO;
				CODE_SIGN_ENTITLEMENTS = SwiftRip/SwiftRip.entitlements;
				CODE_SIGN_STYLE = Automatic;
				COMBINE_HIDPI_IMAGES = YES;
				CURRENT_PROJECT_VERSION = 5;
				DEVELOPMENT_TEAM = PUT2KYMV2W;
				ENABLE_APP_SANDBOX = YES;
				ENABLE_HARDENED_RUNTIME = YES;
				ENABLE_INCOMING_NETWORK_CONNECTIONS = NO;
				ENABLE_OUTGOING_NETWORK_CONNECTIONS = YES;
				ENABLE_PREVIEWS = YES;
				ENABLE_RESOURCE_ACCESS_AUDIO_INPUT = NO;
				ENABLE_RESOURCE_ACCESS_BLUETOOTH = NO;
				ENABLE_RESOURCE_ACCESS_CALENDARS = NO;
				ENABLE_RESOURCE_ACCESS_CAMERA = NO;
				ENABLE_RESOURCE_ACCESS_CONTACTS = NO;
				ENABLE_RESOURCE_ACCESS_LOCATION = NO;
				ENABLE_RESOURCE_ACCESS_PHOTO_LIBRARY = NO;
				ENABLE_RESOURCE_ACCESS_PRINTING = NO;
				ENABLE_RESOURCE_ACCESS_USB = NO;
				ENABLE_USER_SELECTED_FILES = readwrite;
				GENERATE_INFOPLIST_FILE = NO;
				INFOPLIST_FILE = SwiftRip/Info.plist;
				LD_RUNPATH_SEARCH_PATHS = (
					"$(inherited)",
					"@executable_path/../Frameworks",
				);
				MARKETING_VERSION = 0.5;
				PRODUCT_BUNDLE_IDENTIFIER = fahlsing.com.SwiftRip;
				PRODUCT_NAME = "$(TARGET_NAME)";
				REGISTER_APP_GROUPS = YES;
				RUNTIME_EXCEPTION_ALLOW_DYLD_ENVIRONMENT_VARIABLES = NO;
				RUNTIME_EXCEPTION_ALLOW_JIT = NO;
				RUNTIME_EXCEPTION_ALLOW_UNSIGNED_EXECUTABLE_MEMORY = NO;
				RUNTIME_EXCEPTION_DEBUGGING_TOOL = NO;
				RUNTIME_EXCEPTION_DISABLE_EXECUTABLE_PAGE_PROTECTION = NO;
				RUNTIME_EXCEPTION_DISABLE_LIBRARY_VALIDATION = NO;
				STRING_CATALOG_GENERATE_SYMBOLS = YES;
				SWIFT_APPROACHABLE_CONCURRENCY = YES;
				SWIFT_DEFAULT_ACTOR_ISOLATION = MainActor;
				SWIFT_EMIT_LOC_STRINGS = YES;
				SWIFT_UPCOMING_FEATURE_MEMBER_IMPORT_VISIBILITY = YES;
				SWIFT_VERSION = 6.0;
				SWIFTRIP_SPARKLE_FEED_URL = "https://fahlman.github.io/SwiftRip/appcast-arm64.xml";
			};
			name = Debug;
		};
		9412AF272FB95040004E17B6 /* Release configuration for PBXNativeTarget "SwiftRip" */ = {
			isa = XCBuildConfiguration;
			buildSettings = {
				ASSETCATALOG_COMPILER_APPICON_NAME = AppIcon;
				ASSETCATALOG_COMPILER_GLOBAL_ACCENT_COLOR_NAME = AccentColor;
				AUTOMATION_APPLE_EVENTS = NO;
				CODE_SIGN_ENTITLEMENTS = SwiftRip/SwiftRip.entitlements;
				CODE_SIGN_STYLE = Automatic;
				COMBINE_HIDPI_IMAGES = YES;
				CURRENT_PROJECT_VERSION = 5;
				DEVELOPMENT_TEAM = PUT2KYMV2W;
				ENABLE_APP_SANDBOX = YES;
				ENABLE_HARDENED_RUNTIME = YES;
				ENABLE_INCOMING_NETWORK_CONNECTIONS = NO;
				ENABLE_OUTGOING_NETWORK_CONNECTIONS = YES;
				ENABLE_PREVIEWS = YES;
				ENABLE_RESOURCE_ACCESS_AUDIO_INPUT = NO;
				ENABLE_RESOURCE_ACCESS_BLUETOOTH = NO;
				ENABLE_RESOURCE_ACCESS_CALENDARS = NO;
				ENABLE_RESOURCE_ACCESS_CAMERA = NO;
				ENABLE_RESOURCE_ACCESS_CONTACTS = NO;
				ENABLE_RESOURCE_ACCESS_LOCATION = NO;
				ENABLE_RESOURCE_ACCESS_PHOTO_LIBRARY = NO;
				ENABLE_RESOURCE_ACCESS_PRINTING = NO;
				ENABLE_RESOURCE_ACCESS_USB = NO;
				ENABLE_USER_SELECTED_FILES = readwrite;
				GENERATE_INFOPLIST_FILE = NO;
				INFOPLIST_FILE = SwiftRip/Info.plist;
				LD_RUNPATH_SEARCH_PATHS = (
					"$(inherited)",
					"@executable_path/../Frameworks",
				);
				MARKETING_VERSION = 0.5;
				PRODUCT_BUNDLE_IDENTIFIER = fahlsing.com.SwiftRip;
				PRODUCT_NAME = "$(TARGET_NAME)";
				REGISTER_APP_GROUPS = YES;
				RUNTIME_EXCEPTION_ALLOW_DYLD_ENVIRONMENT_VARIABLES = NO;
				RUNTIME_EXCEPTION_ALLOW_JIT = NO;
				RUNTIME_EXCEPTION_ALLOW_UNSIGNED_EXECUTABLE_MEMORY = NO;
				RUNTIME_EXCEPTION_DEBUGGING_TOOL = NO;
				RUNTIME_EXCEPTION_DISABLE_EXECUTABLE_PAGE_PROTECTION = NO;
				RUNTIME_EXCEPTION_DISABLE_LIBRARY_VALIDATION = NO;
				STRING_CATALOG_GENERATE_SYMBOLS = YES;
				SWIFT_APPROACHABLE_CONCURRENCY = YES;
				SWIFT_DEFAULT_ACTOR_ISOLATION = MainActor;
				SWIFT_EMIT_LOC_STRINGS = YES;
				SWIFT_UPCOMING_FEATURE_MEMBER_IMPORT_VISIBILITY = YES;
				SWIFT_VERSION = 6.0;
				SWIFTRIP_SPARKLE_FEED_URL = "https://fahlman.github.io/SwiftRip/appcast-arm64.xml";
			};
			name = Release;
		};
		9412AF292FB95040004E17B6 /* Debug configuration for PBXNativeTarget "SwiftRipTests" */ = {
			isa = XCBuildConfiguration;
			buildSettings = {
				BUNDLE_LOADER = "$(TEST_HOST)";
				CODE_SIGN_STYLE = Automatic;
				CURRENT_PROJECT_VERSION = 5;
				DEVELOPMENT_TEAM = PUT2KYMV2W;
				GENERATE_INFOPLIST_FILE = YES;
				MACOSX_DEPLOYMENT_TARGET = 15.7;
				MARKETING_VERSION = 0.5;
				PRODUCT_BUNDLE_IDENTIFIER = fahlsing.com.SwiftRipTests;
				PRODUCT_NAME = "$(TARGET_NAME)";
				STRING_CATALOG_GENERATE_SYMBOLS = NO;
				SWIFT_APPROACHABLE_CONCURRENCY = YES;
				SWIFT_EMIT_LOC_STRINGS = NO;
				SWIFT_UPCOMING_FEATURE_MEMBER_IMPORT_VISIBILITY = YES;
				SWIFT_VERSION = 6.0;
				TEST_HOST = "$(BUILT_PRODUCTS_DIR)/SwiftRip.app/$(BUNDLE_EXECUTABLE_FOLDER_PATH)/SwiftRip";
			};
			name = Debug;
		};
		9412AF2A2FB95040004E17B6 /* Release configuration for PBXNativeTarget "SwiftRipTests" */ = {
			isa = XCBuildConfiguration;
			buildSettings = {
				BUNDLE_LOADER = "$(TEST_HOST)";
				CODE_SIGN_STYLE = Automatic;
				CURRENT_PROJECT_VERSION = 5;
				DEVELOPMENT_TEAM = PUT2KYMV2W;
				GENERATE_INFOPLIST_FILE = YES;
				MACOSX_DEPLOYMENT_TARGET = 15.7;
				MARKETING_VERSION = 0.5;
				PRODUCT_BUNDLE_IDENTIFIER = fahlsing.com.SwiftRipTests;
				PRODUCT_NAME = "$(TARGET_NAME)";
				STRING_CATALOG_GENERATE_SYMBOLS = NO;
				SWIFT_APPROACHABLE_CONCURRENCY = YES;
				SWIFT_EMIT_LOC_STRINGS = NO;
				SWIFT_UPCOMING_FEATURE_MEMBER_IMPORT_VISIBILITY = YES;
				SWIFT_VERSION = 6.0;
				TEST_HOST = "$(BUILT_PRODUCTS_DIR)/SwiftRip.app/$(BUNDLE_EXECUTABLE_FOLDER_PATH)/SwiftRip";
			};
			name = Release;
		};
		9412AF2C2FB95040004E17B6 /* Debug configuration for PBXNativeTarget "SwiftRipUITests" */ = {
			isa = XCBuildConfiguration;
			buildSettings = {
				CODE_SIGN_STYLE = Automatic;
				CURRENT_PROJECT_VERSION = 5;
				DEVELOPMENT_TEAM = PUT2KYMV2W;
				GENERATE_INFOPLIST_FILE = YES;
				MARKETING_VERSION = 0.5;
				PRODUCT_BUNDLE_IDENTIFIER = fahlsing.com.SwiftRipUITests;
				PRODUCT_NAME = "$(TARGET_NAME)";
				STRING_CATALOG_GENERATE_SYMBOLS = NO;
				SWIFT_APPROACHABLE_CONCURRENCY = YES;
				SWIFT_EMIT_LOC_STRINGS = NO;
				SWIFT_UPCOMING_FEATURE_MEMBER_IMPORT_VISIBILITY = YES;
				SWIFT_VERSION = 6.0;
				TEST_TARGET_NAME = SwiftRip;
			};
			name = Debug;
		};
		9412AF2D2FB95040004E17B6 /* Release configuration for PBXNativeTarget "SwiftRipUITests" */ = {
			isa = XCBuildConfiguration;
			buildSettings = {
				CODE_SIGN_STYLE = Automatic;
				CURRENT_PROJECT_VERSION = 5;
				DEVELOPMENT_TEAM = PUT2KYMV2W;
				GENERATE_INFOPLIST_FILE = YES;
				MARKETING_VERSION = 0.5;
				PRODUCT_BUNDLE_IDENTIFIER = fahlsing.com.SwiftRipUITests;
				PRODUCT_NAME = "$(TARGET_NAME)";
				STRING_CATALOG_GENERATE_SYMBOLS = NO;
				SWIFT_APPROACHABLE_CONCURRENCY = YES;
				SWIFT_EMIT_LOC_STRINGS = NO;
				SWIFT_UPCOMING_FEATURE_MEMBER_IMPORT_VISIBILITY = YES;
				SWIFT_VERSION = 6.0;
				TEST_TARGET_NAME = SwiftRip;
			};
			name = Release;
		};
/* End XCBuildConfiguration section */

/* Begin XCConfigurationList section */
		9412AEFF2FB9503F004E17B6 /* Build configuration list for PBXProject "SwiftRip" */ = {
			isa = XCConfigurationList;
			buildConfigurations = (
				9412AF232FB95040004E17B6 /* Debug configuration for PBXProject "SwiftRip" */,
				9412AF242FB95040004E17B6 /* Release configuration for PBXProject "SwiftRip" */,
			);
			defaultConfigurationName = Release;
		};
		9412AF252FB95040004E17B6 /* Build configuration list for PBXNativeTarget "SwiftRip" */ = {
			isa = XCConfigurationList;
			buildConfigurations = (
				9412AF262FB95040004E17B6 /* Debug configuration for PBXNativeTarget "SwiftRip" */,
				9412AF272FB95040004E17B6 /* Release configuration for PBXNativeTarget "SwiftRip" */,
			);
			defaultConfigurationName = Release;
		};
		9412AF282FB95040004E17B6 /* Build configuration list for PBXNativeTarget "SwiftRipTests" */ = {
			isa = XCConfigurationList;
			buildConfigurations = (
				9412AF292FB95040004E17B6 /* Debug configuration for PBXNativeTarget "SwiftRipTests" */,
				9412AF2A2FB95040004E17B6 /* Release configuration for PBXNativeTarget "SwiftRipTests" */,
			);
			defaultConfigurationName = Release;
		};
		9412AF2B2FB95040004E17B6 /* Build configuration list for PBXNativeTarget "SwiftRipUITests" */ = {
			isa = XCConfigurationList;
			buildConfigurations = (
				9412AF2C2FB95040004E17B6 /* Debug configuration for PBXNativeTarget "SwiftRipUITests" */,
				9412AF2D2FB95040004E17B6 /* Release configuration for PBXNativeTarget "SwiftRipUITests" */,
			);
			defaultConfigurationName = Release;
		};
/* End XCConfigurationList section */

/* Begin XCRemoteSwiftPackageReference section */
		94176DDA2FC66D2800F570D2 /* XCRemoteSwiftPackageReference "Sparkle" */ = {
			isa = XCRemoteSwiftPackageReference;
			repositoryURL = "https://github.com/sparkle-project/Sparkle";
			requirement = {
				kind = upToNextMajorVersion;
				minimumVersion = 2.9.2;
			};
		};
/* End XCRemoteSwiftPackageReference section */

/* Begin XCSwiftPackageProductDependency section */
		94176DDB2FC66D2800F570D2 /* Sparkle */ = {
			isa = XCSwiftPackageProductDependency;
			package = 94176DDA2FC66D2800F570D2 /* XCRemoteSwiftPackageReference "Sparkle" */;
			productName = Sparkle;
		};
/* End XCSwiftPackageProductDependency section */
	};
	rootObject = 9412AEFC2FB9503F004E17B6 /* Project object */;
}
